// !$*UTF8*$!
{
	archiveVersion = 1;
	classes = {
	};
	objectVersion = 50;
	objects = {

/* Begin PBXBuildFile section */
		A7F5060121879FA600F31A1E /* AppDelegate.swift in Sources */ = {isa = PBXBuildFile; fileRef = A7F5060021879FA600F31A1E /* AppDelegate.swift */; };
		A7F5060321879FA600F31A1E /* ViewController.swift in Sources */ = {isa = PBXBuildFile; fileRef = A7F5060221879FA600F31A1E /* ViewController.swift */; };
		A7F5060621879FA600F31A1E /* Main.storyboard in Resources */ = {isa = PBXBuildFile; fileRef = A7F5060421879FA600F31A1E /* Main.storyboard */; };
		A7F5060821879FA700F31A1E /* Assets.xcassets in Resources */ = {isa = PBXBuildFile; fileRef = A7F5060721879FA700F31A1E /* Assets.xcassets */; };
		A7F5060B21879FA700F31A1E /* LaunchScreen.storyboard in Resources */ = {isa = PBXBuildFile; fileRef = A7F5060921879FA700F31A1E /* LaunchScreen.storyboard */; };
		A7F5061621879FA700F31A1E /* TinderTests.swift in Sources */ = {isa = PBXBuildFile; fileRef = A7F5061521879FA700F31A1E /* TinderTests.swift */; };
		A7F5062121879FA800F31A1E /* TinderUITests.swift in Sources */ = {isa = PBXBuildFile; fileRef = A7F5062021879FA800F31A1E /* TinderUITests.swift */; };
/* End PBXBuildFile section */

/* Begin PBXContainerItemProxy section */
		A7F5061221879FA700F31A1E /* PBXContainerItemProxy */ = {
			isa = PBXContainerItemProxy;
			containerPortal = A7F505F521879FA600F31A1E /* Project object */;
			proxyType = 1;
			remoteGlobalIDString = A7F505FC21879FA600F31A1E;
			remoteInfo = Tinder;
		};
		A7F5061D21879FA700F31A1E /* PBXContainerItemProxy */ = {
			isa = PBXContainerItemProxy;
			containerPortal = A7F505F521879FA600F31A1E /* Project object */;
			proxyType = 1;
			remoteGlobalIDString = A7F505FC21879FA600F31A1E;
			remoteInfo = Tinder;
		};
/* End PBXContainerItemProxy section */

/* Begin PBXFileReference section */
		A7F505FD21879FA600F31A1E /* Tinder.app */ = {isa = PBXFileReference; explicitFileType = wrapper.application; includeInIndex = 0; path = Tinder.app; sourceTree = BUILT_PRODUCTS_DIR; };
		A7F5060021879FA600F31A1E /* AppDelegate.swift */ = {isa = PBXFileReference; lastKnownFileType = sourcecode.swift; path = AppDelegate.swift; sourceTree = "<group>"; };
		A7F5060221879FA600F31A1E /* ViewController.swift */ = {isa = PBXFileReference; lastKnownFileType = sourcecode.swift; path = ViewController.swift; sourceTree = "<group>"; };
		A7F5060521879FA600F31A1E /* Base */ = {isa = PBXFileReference; lastKnownFileType = file.storyboard; name = Base; path = Base.lproj/Main.storyboard; sourceTree = "<group>"; };
		A7F5060721879FA700F31A1E /* Assets.xcassets */ = {isa = PBXFileReference; lastKnownFileType = folder.assetcatalog; path = Assets.xcassets; sourceTree = "<group>"; };
		A7F5060A21879FA700F31A1E /* Base */ = {isa = PBXFileReference; lastKnownFileType = file.storyboard; name = Base; path = Base.lproj/LaunchScreen.storyboard; sourceTree = "<group>"; };
		A7F5060C21879FA700F31A1E /* Info.plist */ = {isa = PBXFileReference; lastKnownFileType = text.plist.xml; path = Info.plist; sourceTree = "<group>"; };
		A7F5061121879FA700F31A1E /* TinderTests.xctest */ = {isa = PBXFileReference; explicitFileType = wrapper.cfbundle; includeInIndex = 0; path = TinderTests.xctest; sourceTree = BUILT_PRODUCTS_DIR; };
		A7F5061521879FA700F31A1E /* TinderTests.swift */ = {isa = PBXFileReference; lastKnownFileType = sourcecode.swift; path = TinderTests.swift; sourceTree = "<group>"; };
		A7F5061721879FA700F31A1E /* Info.plist */ = {isa = PBXFileReference; lastKnownFileType = text.plist.xml; path = Info.plist; sourceTree = "<group>"; };
		A7F5061C21879FA700F31A1E /* TinderUITests.xctest */ = {isa = PBXFileReference; explicitFileType = wrapper.cfbundle; includeInIndex = 0; path = TinderUITests.xctest; sourceTree = BUILT_PRODUCTS_DIR; };
		A7F5062021879FA800F31A1E /* TinderUITests.swift */ = {isa = PBXFileReference; lastKnownFileType = sourcecode.swift; path = TinderUITests.swift; sourceTree = "<group>"; };
		A7F5062221879FA800F31A1E /* Info.plist */ = {isa = PBXFileReference; lastKnownFileType = text.plist.xml; path = Info.plist; sourceTree = "<group>"; };
/* End PBXFileReference section */

/* Begin PBXFrameworksBuildPhase section */
		A7F505FA21879FA600F31A1E /* Frameworks */ = {
			isa = PBXFrameworksBuildPhase;
			buildActionMask = 2147483647;
			files = (
			);
			runOnlyForDeploymentPostprocessing = 0;
		};
		A7F5060E21879FA700F31A1E /* Frameworks */ = {
			isa = PBXFrameworksBuildPhase;
			buildActionMask = 2147483647;
			files = (
			);
			runOnlyForDeploymentPostprocessing = 0;
		};
		A7F5061921879FA700F31A1E /* Frameworks */ = {
			isa = PBXFrameworksBuildPhase;
			buildActionMask = 2147483647;
			files = (
			);
			runOnlyForDeploymentPostprocessing = 0;
		};
/* End PBXFrameworksBuildPhase section */

/* Begin PBXGroup section */
		A7F505F421879FA600F31A1E = {
			isa = PBXGroup;
			children = (
				A7F505FF21879FA600F31A1E /* Tinder */,
				A7F5061421879FA700F31A1E /* TinderTests */,
				A7F5061F21879FA700F31A1E /* TinderUITests */,
				A7F505FE21879FA600F31A1E /* Products */,
			);
			sourceTree = "<group>";
		};
		A7F505FE21879FA600F31A1E /* Products */ = {
			isa = PBXGroup;
			children = (
				A7F505FD21879FA600F31A1E /* Tinder.app */,
				A7F5061121879FA700F31A1E /* TinderTests.xctest */,
				A7F5061C21879FA700F31A1E /* TinderUITests.xctest */,
			);
			name = Products;
			sourceTree = "<group>";
		};
		A7F505FF21879FA600F31A1E /* Tinder */ = {
			isa = PBXGroup;
			children = (
				A7F5060021879FA600F31A1E /* AppDelegate.swift */,
				A7F5060221879FA600F31A1E /* ViewController.swift */,
				A7F5060421879FA600F31A1E /* Main.storyboard */,
				A7F5060721879FA700F31A1E /* Assets.xcassets */,
				A7F5060921879FA700F31A1E /* LaunchScreen.storyboard */,
				A7F5060C21879FA700F31A1E /* Info.plist */,
			);
			path = Tinder;
			sourceTree = "<group>";
		};
		A7F5061421879FA700F31A1E /* TinderTests */ = {
			isa = PBXGroup;
			children = (
				A7F5061521879FA700F31A1E /* TinderTests.swift */,
				A7F5061721879FA700F31A1E /* Info.plist */,
			);
			path = TinderTests;
			sourceTree = "<group>";
		};
		A7F5061F21879FA700F31A1E /* TinderUITests */ = {
			isa = PBXGroup;
			children = (
				A7F5062021879FA800F31A1E /* TinderUITests.swift */,
				A7F5062221879FA800F31A1E /* Info.plist */,
			);
			path = TinderUITests;
			sourceTree = "<group>";
		};
/* End PBXGroup section */

/* Begin PBXNativeTarget section */
		A7F505FC21879FA600F31A1E /* Tinder */ = {
			isa = PBXNativeTarget;
			buildConfigurationList = A7F5062521879FA800F31A1E /* Build configuration list for PBXNativeTarget "Tinder" */;
			buildPhases = (
				A7F505F921879FA600F31A1E /* Sources */,
				A7F505FA21879FA600F31A1E /* Frameworks */,
				A7F505FB21879FA600F31A1E /* Resources */,
			);
			buildRules = (
			);
			dependencies = (
			);
			name = Tinder;
			productName = Tinder;
			productReference = A7F505FD21879FA600F31A1E /* Tinder.app */;
			productType = "com.apple.product-type.application";
		};
		A7F5061021879FA700F31A1E /* TinderTests */ = {
			isa = PBXNativeTarget;
			buildConfigurationList = A7F5062821879FA800F31A1E /* Build configuration list for PBXNativeTarget "TinderTests" */;
			buildPhases = (
				A7F5060D21879FA700F31A1E /* Sources */,
				A7F5060E21879FA700F31A1E /* Frameworks */,
				A7F5060F21879FA700F31A1E /* Resources */,
			);
			buildRules = (
			);
			dependencies = (
				A7F5061321879FA700F31A1E /* PBXTargetDependency */,
			);
			name = TinderTests;
			productName = TinderTests;
			productReference = A7F5061121879FA700F31A1E /* TinderTests.xctest */;
			productType = "com.apple.product-type.bundle.unit-test";
		};
		A7F5061B21879FA700F31A1E /* TinderUITests */ = {
			isa = PBXNativeTarget;
			buildConfigurationList = A7F5062B21879FA800F31A1E /* Build configuration list for PBXNativeTarget "TinderUITests" */;
			buildPhases = (
				A7F5061821879FA700F31A1E /* Sources */,
				A7F5061921879FA700F31A1E /* Frameworks */,
				A7F5061A21879FA700F31A1E /* Resources */,
			);
			buildRules = (
			);
			dependencies = (
				A7F5061E21879FA700F31A1E /* PBXTargetDependency */,
			);
			name = TinderUITests;
			productName = TinderUITests;
			productReference = A7F5061C21879FA700F31A1E /* TinderUITests.xctest */;
			productType = "com.apple.product-type.bundle.ui-testing";
		};
/* End PBXNativeTarget section */

/* Begin PBXProject section */
		A7F505F521879FA600F31A1E /* Project object */ = {
			isa = PBXProject;
			attributes = {
				LastSwiftUpdateCheck = 1000;
				LastUpgradeCheck = 1000;
				ORGANIZATIONNAME = "Abraham De Alba";
				TargetAttributes = {
					A7F505FC21879FA600F31A1E = {
						CreatedOnToolsVersion = 10.0;
					};
					A7F5061021879FA700F31A1E = {
						CreatedOnToolsVersion = 10.0;
						TestTargetID = A7F505FC21879FA600F31A1E;
					};
					A7F5061B21879FA700F31A1E = {
						CreatedOnToolsVersion = 10.0;
						TestTargetID = A7F505FC21879FA600F31A1E;
					};
				};
			};
			buildConfigurationList = A7F505F821879FA600F31A1E /* Build configuration list for PBXProject "Tinder" */;
			compatibilityVersion = "Xcode 9.3";
			developmentRegion = en;
			hasScannedForEncodings = 0;
			knownRegions = (
				en,
				Base,
			);
			mainGroup = A7F505F421879FA600F31A1E;
			productRefGroup = A7F505FE21879FA600F31A1E /* Products */;
			projectDirPath = "";
			projectRoot = "";
			targets = (
				A7F505FC21879FA600F31A1E /* Tinder */,
				A7F5061021879FA700F31A1E /* TinderTests */,
				A7F5061B21879FA700F31A1E /* TinderUITests */,
			);
		};
/* End PBXProject section */

/* Begin PBXResourcesBuildPhase section */
		A7F505FB21879FA600F31A1E /* Resources */ = {
			isa = PBXResourcesBuildPhase;
			buildActionMask = 2147483647;
			files = (
				A7F5060B21879FA700F31A1E /* LaunchScreen.storyboard in Resources */,
				A7F5060821879FA700F31A1E /* Assets.xcassets in Resources */,
				A7F5060621879FA600F31A1E /* Main.storyboard in Resources */,
			);
			runOnlyForDeploymentPostprocessing = 0;
		};
		A7F5060F21879FA700F31A1E /* Resources */ = {
			isa = PBXResourcesBuildPhase;
			buildActionMask = 2147483647;
			files = (
			);
			runOnlyForDeploymentPostprocessing = 0;
		};
		A7F5061A21879FA700F31A1E /* Resources */ = {
			isa = PBXResourcesBuildPhase;
			buildActionMask = 2147483647;
			files = (
			);
			runOnlyForDeploymentPostprocessing = 0;
		};
/* End PBXResourcesBuildPhase section */

/* Begin PBXSourcesBuildPhase section */
		A7F505F921879FA600F31A1E /* Sources */ = {
			isa = PBXSourcesBuildPhase;
			buildActionMask = 2147483647;
			files = (
				A7F5060321879FA600F31A1E /* ViewController.swift in Sources */,
				A7F5060121879FA600F31A1E /* AppDelegate.swift in Sources */,
			);
			runOnlyForDeploymentPostprocessing = 0;
		};
		A7F5060D21879FA700F31A1E /* Sources */ = {
			isa = PBXSourcesBuildPhase;
			buildActionMask = 2147483647;
			files = (
				A7F5061621879FA700F31A1E /* TinderTests.swift in Sources */,
			);
			runOnlyForDeploymentPostprocessing = 0;
		};
		A7F5061821879FA700F31A1E /* Sources */ = {
			isa = PBXSourcesBuildPhase;
			buildActionMask = 2147483647;
			files = (
				A7F5062121879FA800F31A1E /* TinderUITests.swift in Sources */,
			);
			runOnlyForDeploymentPostprocessing = 0;
		};
/* End PBXSourcesBuildPhase section */

/* Begin PBXTargetDependency section */
		A7F5061321879FA700F31A1E /* PBXTargetDependency */ = {
			isa = PBXTargetDependency;
			target = A7F505FC21879FA600F31A1E /* Tinder */;
			targetProxy = A7F5061221879FA700F31A1E /* PBXContainerItemProxy */;
		};
		A7F5061E21879FA700F31A1E /* PBXTargetDependency */ = {
			isa = PBXTargetDependency;
			target = A7F505FC21879FA600F31A1E /* Tinder */;
			targetProxy = A7F5061D21879FA700F31A1E /* PBXContainerItemProxy */;
		};
/* End PBXTargetDependency section */

/* Begin PBXVariantGroup section */
		A7F5060421879FA600F31A1E /* Main.storyboard */ = {
			isa = PBXVariantGroup;
			children = (
				A7F5060521879FA600F31A1E /* Base */,
			);
			name = Main.storyboard;
			sourceTree = "<group>";
		};
		A7F5060921879FA700F31A1E /* LaunchScreen.storyboard */ = {
			isa = PBXVariantGroup;
			children = (
				A7F5060A21879FA700F31A1E /* Base */,
			);
			name = LaunchScreen.storyboard;
			sourceTree = "<group>";
		};
/* End PBXVariantGroup section */

/* Begin XCBuildConfiguration section */
		A7F5062321879FA800F31A1E /* Debug */ = {
			isa = XCBuildConfiguration;
			buildSettings = {
				ALWAYS_SEARCH_USER_PATHS = NO;
				CLANG_ANALYZER_NONNULL = YES;
				CLANG_ANALYZER_NUMBER_OBJECT_CONVERSION = YES_AGGRESSIVE;
				CLANG_CXX_LANGUAGE_STANDARD = "gnu++14";
				CLANG_CXX_LIBRARY = "libc++";
				CLANG_ENABLE_MODULES = YES;
				CLANG_ENABLE_OBJC_ARC = YES;
				CLANG_ENABLE_OBJC_WEAK = YES;
				CLANG_WARN_BLOCK_CAPTURE_AUTORELEASING = YES;
				CLANG_WARN_BOOL_CONVERSION = YES;
				CLANG_WARN_COMMA = YES;
				CLANG_WARN_CONSTANT_CONVERSION = YES;
				CLANG_WARN_DEPRECATED_OBJC_IMPLEMENTATIONS = YES;
				CLANG_WARN_DIRECT_OBJC_ISA_USAGE = YES_ERROR;
				CLANG_WARN_DOCUMENTATION_COMMENTS = YES;
				CLANG_WARN_EMPTY_BODY = YES;
				CLANG_WARN_ENUM_CONVERSION = YES;
				CLANG_WARN_INFINITE_RECURSION = YES;
				CLANG_WARN_INT_CONVERSION = YES;
				CLANG_WARN_NON_LITERAL_NULL_CONVERSION = YES;
				CLANG_WARN_OBJC_IMPLICIT_RETAIN_SELF = YES;
				CLANG_WARN_OBJC_LITERAL_CONVERSION = YES;
				CLANG_WARN_OBJC_ROOT_CLASS = YES_ERROR;
				CLANG_WARN_RANGE_LOOP_ANALYSIS = YES;
				CLANG_WARN_STRICT_PROTOTYPES = YES;
				CLANG_WARN_SUSPICIOUS_MOVE = YES;
				CLANG_WARN_UNGUARDED_AVAILABILITY = YES_AGGRESSIVE;
				CLANG_WARN_UNREACHABLE_CODE = YES;
				CLANG_WARN__DUPLICATE_METHOD_MATCH = YES;
				CODE_SIGN_IDENTITY = "iPhone Developer";
				COPY_PHASE_STRIP = NO;
				DEBUG_INFORMATION_FORMAT = dwarf;
				ENABLE_STRICT_OBJC_MSGSEND = YES;
				ENABLE_TESTABILITY = YES;
				GCC_C_LANGUAGE_STANDARD = gnu11;
				GCC_DYNAMIC_NO_PIC = NO;
				GCC_NO_COMMON_BLOCKS = YES;
				GCC_OPTIMIZATION_LEVEL = 0;
				GCC_PREPROCESSOR_DEFINITIONS = (
					"DEBUG=1",
					"$(inherited)",
				);
				GCC_WARN_64_TO_32_BIT_CONVERSION = YES;
				GCC_WARN_ABOUT_RETURN_TYPE = YES_ERROR;
				GCC_WARN_UNDECLARED_SELECTOR = YES;
				GCC_WARN_UNINITIALIZED_AUTOS = YES_AGGRESSIVE;
				GCC_WARN_UNUSED_FUNCTION = YES;
				GCC_WARN_UNUSED_VARIABLE = YES;
				IPHONEOS_DEPLOYMENT_TARGET = 12.0;
				MTL_ENABLE_DEBUG_INFO = INCLUDE_SOURCE;
				MTL_FAST_MATH = YES;
				ONLY_ACTIVE_ARCH = YES;
				SDKROOT = iphoneos;
				SWIFT_ACTIVE_COMPILATION_CONDITIONS = DEBUG;
				SWIFT_OPTIMIZATION_LEVEL = "-Onone";
			};
			name = Debug;
		};
		A7F5062421879FA800F31A1E /* Release */ = {
			isa = XCBuildConfiguration;
			buildSettings = {
				ALWAYS_SEARCH_USER_PATHS = NO;
				CLANG_ANALYZER_NONNULL = YES;
				CLANG_ANALYZER_NUMBER_OBJECT_CONVERSION = YES_AGGRESSIVE;
				CLANG_CXX_LANGUAGE_STANDARD = "gnu++14";
				CLANG_CXX_LIBRARY = "libc++";
				CLANG_ENABLE_MODULES = YES;
				CLANG_ENABLE_OBJC_ARC = YES;
				CLANG_ENABLE_OBJC_WEAK = YES;
				CLANG_WARN_BLOCK_CAPTURE_AUTORELEASING = YES;
				CLANG_WARN_BOOL_CONVERSION = YES;
				CLANG_WARN_COMMA = YES;
				CLANG_WARN_CONSTANT_CONVERSION = YES;
				CLANG_WARN_DEPRECATED_OBJC_IMPLEMENTATIONS = YES;
				CLANG_WARN_DIRECT_OBJC_ISA_USAGE = YES_ERROR;
				CLANG_WARN_DOCUMENTATION_COMMENTS = YES;
				CLANG_WARN_EMPTY_BODY = YES;
				CLANG_WARN_ENUM_CONVERSION = YES;
				CLANG_WARN_INFINITE_RECURSION = YES;
				CLANG_WARN_INT_CONVERSION = YES;
				CLANG_WARN_NON_LITERAL_NULL_CONVERSION = YES;
				CLANG_WARN_OBJC_IMPLICIT_RETAIN_SELF = YES;
				CLANG_WARN_OBJC_LITERAL_CONVERSION = YES;
				CLANG_WARN_OBJC_ROOT_CLASS = YES_ERROR;
				CLANG_WARN_RANGE_LOOP_ANALYSIS = YES;
				CLANG_WARN_STRICT_PROTOTYPES = YES;
				CLANG_WARN_SUSPICIOUS_MOVE = YES;
				CLANG_WARN_UNGUARDED_AVAILABILITY = YES_AGGRESSIVE;
				CLANG_WARN_UNREACHABLE_CODE = YES;
				CLANG_WARN__DUPLICATE_METHOD_MATCH = YES;
				CODE_SIGN_IDENTITY = "iPhone Developer";
				COPY_PHASE_STRIP = NO;
				DEBUG_INFORMATION_FORMAT = "dwarf-with-dsym";
				ENABLE_NS_ASSERTIONS = NO;
				ENABLE_STRICT_OBJC_MSGSEND = YES;
				GCC_C_LANGUAGE_STANDARD = gnu11;
				GCC_NO_COMMON_BLOCKS = YES;
				GCC_WARN_64_TO_32_BIT_CONVERSION = YES;
				GCC_WARN_ABOUT_RETURN_TYPE = YES_ERROR;
				GCC_WARN_UNDECLARED_SELECTOR = YES;
				GCC_WARN_UNINITIALIZED_AUTOS = YES_AGGRESSIVE;
				GCC_WARN_UNUSED_FUNCTION = YES;
				GCC_WARN_UNUSED_VARIABLE = YES;
				IPHONEOS_DEPLOYMENT_TARGET = 12.0;
				MTL_ENABLE_DEBUG_INFO = NO;
				MTL_FAST_MATH = YES;
				SDKROOT = iphoneos;
				SWIFT_COMPILATION_MODE = wholemodule;
				SWIFT_OPTIMIZATION_LEVEL = "-O";
				VALIDATE_PRODUCT = YES;
			};
			name = Release;
		};
		A7F5062621879FA800F31A1E /* Debug */ = {
			isa = XCBuildConfiguration;
			buildSettings = {
				ASSETCATALOG_COMPILER_APPICON_NAME = AppIcon;
				CODE_SIGN_STYLE = Automatic;
				DEVELOPMENT_TEAM = 856QQ6N8B4;
				INFOPLIST_FILE = Tinder/Info.plist;
				LD_RUNPATH_SEARCH_PATHS = (
					"$(inherited)",
					"@executable_path/Frameworks",
				);
				PRODUCT_BUNDLE_IDENTIFIER = com.abraham.Tinder;
				PRODUCT_NAME = "$(TARGET_NAME)";
				SWIFT_VERSION = 4.2;
				TARGETED_DEVICE_FAMILY = "1,2";
			};
			name = Debug;
		};
		A7F5062721879FA800F31A1E /* Release */ = {
			isa = XCBuildConfiguration;
			buildSettings = {
				ASSETCATALOG_COMPILER_APPICON_NAME = AppIcon;
				CODE_SIGN_STYLE = Automatic;
				DEVELOPMENT_TEAM = 856QQ6N8B4;
				INFOPLIST_FILE = Tinder/Info.plist;
				LD_RUNPATH_SEARCH_PATHS = (
					"$(inherited)",
					"@executable_path/Frameworks",
				);
				PRODUCT_BUNDLE_IDENTIFIER = com.abraham.Tinder;
				PRODUCT_NAME = "$(TARGET_NAME)";
				SWIFT_VERSION = 4.2;
				TARGETED_DEVICE_FAMILY = "1,2";
			};
			name = Release;
		};
		A7F5062921879FA800F31A1E /* Debug */ = {
			isa = XCBuildConfiguration;
			buildSettings = {
				ALWAYS_EMBED_SWIFT_STANDARD_LIBRARIES = YES;
				BUNDLE_LOADER = "$(TEST_HOST)";
				CODE_SIGN_STYLE = Automatic;
				DEVELOPMENT_TEAM = 856QQ6N8B4;
				INFOPLIST_FILE = TinderTests/Info.plist;
				LD_RUNPATH_SEARCH_PATHS = (
					"$(inherited)",
					"@executable_path/Frameworks",
					"@loader_path/Frameworks",
				);
				PRODUCT_BUNDLE_IDENTIFIER = com.abraham.TinderTests;
				PRODUCT_NAME = "$(TARGET_NAME)";
				SWIFT_VERSION = 4.2;
				TARGETED_DEVICE_FAMILY = "1,2";
				TEST_HOST = "$(BUILT_PRODUCTS_DIR)/Tinder.app/Tinder";
			};
			name = Debug;
		};
		A7F5062A21879FA800F31A1E /* Release */ = {
			isa = XCBuildConfiguration;
			buildSettings = {
				ALWAYS_EMBED_SWIFT_STANDARD_LIBRARIES = YES;
				BUNDLE_LOADER = "$(TEST_HOST)";
				CODE_SIGN_STYLE = Automatic;
				DEVELOPMENT_TEAM = 856QQ6N8B4;
				INFOPLIST_FILE = TinderTests/Info.plist;
				LD_RUNPATH_SEARCH_PATHS = (
					"$(inherited)",
					"@executable_path/Frameworks",
					"@loader_path/Frameworks",
				);
				PRODUCT_BUNDLE_IDENTIFIER = com.abraham.TinderTests;
				PRODUCT_NAME = "$(TARGET_NAME)";
				SWIFT_VERSION = 4.2;
				TARGETED_DEVICE_FAMILY = "1,2";
				TEST_HOST = "$(BUILT_PRODUCTS_DIR)/Tinder.app/Tinder";
			};
			name = Release;
		};
		A7F5062C21879FA800F31A1E /* Debug */ = {
			isa = XCBuildConfiguration;
			buildSettings = {
				ALWAYS_EMBED_SWIFT_STANDARD_LIBRARIES = YES;
				CODE_SIGN_STYLE = Automatic;
				DEVELOPMENT_TEAM = 856QQ6N8B4;
				INFOPLIST_FILE = TinderUITests/Info.plist;
				LD_RUNPATH_SEARCH_PATHS = (
					"$(inherited)",
					"@executable_path/Frameworks",
					"@loader_path/Frameworks",
				);
				PRODUCT_BUNDLE_IDENTIFIER = com.abraham.TinderUITests;
				PRODUCT_NAME = "$(TARGET_NAME)";
				SWIFT_VERSION = 4.2;
				TARGETED_DEVICE_FAMILY = "1,2";
				TEST_TARGET_NAME = Tinder;
			};
			name = Debug;
		};
		A7F5062D21879FA800F31A1E /* Release */ = {
			isa = XCBuildConfiguration;
			buildSettings = {
				ALWAYS_EMBED_SWIFT_STANDARD_LIBRARIES = YES;
				CODE_SIGN_STYLE = Automatic;
				DEVELOPMENT_TEAM = 856QQ6N8B4;
				INFOPLIST_FILE = TinderUITests/Info.plist;
				LD_RUNPATH_SEARCH_PATHS = (
					"$(inherited)",
					"@executable_path/Frameworks",
					"@loader_path/Frameworks",
				);
				PRODUCT_BUNDLE_IDENTIFIER = com.abraham.TinderUITests;
				PRODUCT_NAME = "$(TARGET_NAME)";
				SWIFT_VERSION = 4.2;
				TARGETED_DEVICE_FAMILY = "1,2";
				TEST_TARGET_NAME = Tinder;
			};
			name = Release;
		};
/* End XCBuildConfiguration section */

/* Begin XCConfigurationList section */
		A7F505F821879FA600F31A1E /* Build configuration list for PBXProject "Tinder" */ = {
			isa = XCConfigurationList;
			buildConfigurations = (
				A7F5062321879FA800F31A1E /* Debug */,
				A7F5062421879FA800F31A1E /* Release */,
			);
			defaultConfigurationIsVisible = 0;
			defaultConfigurationName = Release;
		};
		A7F5062521879FA800F31A1E /* Build configuration list for PBXNativeTarget "Tinder" */ = {
			isa = XCConfigurationList;
			buildConfigurations = (
				A7F5062621879FA800F31A1E /* Debug */,
				A7F5062721879FA800F31A1E /* Release */,
			);
			defaultConfigurationIsVisible = 0;
			defaultConfigurationName = Release;
		};
		A7F5062821879FA800F31A1E /* Build configuration list for PBXNativeTarget "TinderTests" */ = {
			isa = XCConfigurationList;
			buildConfigurations = (
				A7F5062921879FA800F31A1E /* Debug */,
				A7F5062A21879FA800F31A1E /* Release */,
			);
			defaultConfigurationIsVisible = 0;
			defaultConfigurationName = Release;
		};
		A7F5062B21879FA800F31A1E /* Build configuration list for PBXNativeTarget "TinderUITests" */ = {
			isa = XCConfigurationList;
			buildConfigurations = (
				A7F5062C21879FA800F31A1E /* Debug */,
				A7F5062D21879FA800F31A1E /* Release */,
			);
			defaultConfigurationIsVisible = 0;
			defaultConfigurationName = Release;
		};
/* End XCConfigurationList section */
	};
	rootObject = A7F505F521879FA600F31A1E /* Project object */;
}
